
Microsoft Visual Studio Solution File, Format Version 12.00
# Visual Studio Version 17
VisualStudioVersion = 17.11.35312.102
MinimumVisualStudioVersion = 10.0.40219.1
Project("{FAE04EC0-301F-11D3-BF4B-00C04F79EFBC}") = "zaj5", "zaj5\zaj5.csproj", "{4FCF9EE6-C06B-4EDA-BDF0-D5B373784848}"
EndProject
Global
	GlobalSection(SolutionConfigurationPlatforms) = preSolution
		Debug|Any CPU = Debug|Any CPU
		Release|Any CPU = Release|Any CPU
	EndGlobalSection
	GlobalSection(ProjectConfigurationPlatforms) = postSolution
		{4FCF9EE6-C06B-4EDA-BDF0-D5B373784848}.Debug|Any CPU.ActiveCfg = Debug|Any CPU
		{4FCF9EE6-C06B-4EDA-BDF0-D5B373784848}.Debug|Any CPU.Build.0 = Debug|Any CPU
		{4FCF9EE6-C06B-4EDA-BDF0-D5B373784848}.Release|Any CPU.ActiveCfg = Release|Any CPU
		{4FCF9EE6-C06B-4EDA-BDF0-D5B373784848}.Release|Any CPU.Build.0 = Release|Any CPU
	EndGlobalSection
	GlobalSection(SolutionProperties) = preSolution
		HideSolutionNode = FALSE
	EndGlobalSection
	GlobalSection(ExtensibilityGlobals) = postSolution
		SolutionGuid = {C6C9EE01-99EA-4100-98A6-72D6ACC86CA4}
	EndGlobalSection
EndGlobal
